
Microsoft Visual Studio Solution File, Format Version 12.00
# Visual Studio Version 17
VisualStudioVersion = 17.10.34928.147
MinimumVisualStudioVersion = 10.0.40219.1
Project("{FAE04EC0-301F-11D3-BF4B-00C04F79EFBC}") = "RouletteGame", "RouletteGame\RouletteGame.csproj", "{15B529D5-54AF-49CA-A6DF-EF21A74FFE0E}"
EndProject
Global
	GlobalSection(SolutionConfigurationPlatforms) = preSolution
		Debug|Any CPU = Debug|Any CPU
		Release|Any CPU = Release|Any CPU
	EndGlobalSection
	GlobalSection(ProjectConfigurationPlatforms) = postSolution
		{15B529D5-54AF-49CA-A6DF-EF21A74FFE0E}.Debug|Any CPU.ActiveCfg = Debug|Any CPU
		{15B529D5-54AF-49CA-A6DF-EF21A74FFE0E}.Debug|Any CPU.Build.0 = Debug|Any CPU
		{15B529D5-54AF-49CA-A6DF-EF21A74FFE0E}.Release|Any CPU.ActiveCfg = Release|Any CPU
		{15B529D5-54AF-49CA-A6DF-EF21A74FFE0E}.Release|Any CPU.Build.0 = Release|Any CPU
	EndGlobalSection
	GlobalSection(SolutionProperties) = preSolution
		HideSolutionNode = FALSE
	EndGlobalSection
	GlobalSection(ExtensibilityGlobals) = postSolution
		SolutionGuid = {A382BD65-E8FA-4B53-BB44-4F4DE806209A}
	EndGlobalSection
EndGlobal
